
Microsoft Visual Studio Solution File, Format Version 12.00
# Visual Studio Version 16
VisualStudioVersion = 16.0.31205.134
MinimumVisualStudioVersion = 10.0.40219.1
Project("{FAE04EC0-301F-11D3-BF4B-00C04F79EFBC}") = "BusinessLayerBL", "BusinessLayer\BusinessLayerBL.csproj", "{103F1A0C-9FCA-4236-B700-E2792935F888}"
EndProject
Project("{FAE04EC0-301F-11D3-BF4B-00C04F79EFBC}") = "DataAccessLayerDAL", "DataAccessLayerDAL\DataAccessLayerDAL.csproj", "{F4CF5DC8-920D-4D8B-8AEC-976AA86FE024}"
EndProject
Project("{FAE04EC0-301F-11D3-BF4B-00C04F79EFBC}") = "SmartSale", "PresentationLayerPL\SmartSale.csproj", "{DB79D29B-9102-48A5-8640-33328714B92A}"
EndProject
Global
	GlobalSection(SolutionConfigurationPlatforms) = preSolution
		Debug|Any CPU = Debug|Any CPU
		Release|Any CPU = Release|Any CPU
	EndGlobalSection
	GlobalSection(ProjectConfigurationPlatforms) = postSolution
		{103F1A0C-9FCA-4236-B700-E2792935F888}.Debug|Any CPU.ActiveCfg = Debug|Any CPU
		{103F1A0C-9FCA-4236-B700-E2792935F888}.Debug|Any CPU.Build.0 = Debug|Any CPU
		{103F1A0C-9FCA-4236-B700-E2792935F888}.Release|Any CPU.ActiveCfg = Release|Any CPU
		{103F1A0C-9FCA-4236-B700-E2792935F888}.Release|Any CPU.Build.0 = Release|Any CPU
		{F4CF5DC8-920D-4D8B-8AEC-976AA86FE024}.Debug|Any CPU.ActiveCfg = Debug|Any CPU
		{F4CF5DC8-920D-4D8B-8AEC-976AA86FE024}.Debug|Any CPU.Build.0 = Debug|Any CPU
		{F4CF5DC8-920D-4D8B-8AEC-976AA86FE024}.Release|Any CPU.ActiveCfg = Release|Any CPU
		{F4CF5DC8-920D-4D8B-8AEC-976AA86FE024}.Release|Any CPU.Build.0 = Release|Any CPU
		{DB79D29B-9102-48A5-8640-33328714B92A}.Debug|Any CPU.ActiveCfg = Debug|Any CPU
		{DB79D29B-9102-48A5-8640-33328714B92A}.Debug|Any CPU.Build.0 = Debug|Any CPU
		{DB79D29B-9102-48A5-8640-33328714B92A}.Release|Any CPU.ActiveCfg = Release|Any CPU
		{DB79D29B-9102-48A5-8640-33328714B92A}.Release|Any CPU.Build.0 = Release|Any CPU
	EndGlobalSection
	GlobalSection(SolutionProperties) = preSolution
		HideSolutionNode = FALSE
	EndGlobalSection
	GlobalSection(ExtensibilityGlobals) = postSolution
		SolutionGuid = {991019C1-E61A-49BB-B63D-18EC15711A76}
	EndGlobalSection
EndGlobal
